<?xml version="1.0" encoding="utf-8"?>
<Project ToolsVersion="4.0" xmlns="http://schemas.microsoft.com/developer/msbuild/2003">
  <ItemGroup>
    <Filter Include="Source Files">
      <UniqueIdentifier>{E9C7FDCE-D52A-8D73-7EB0-C5296AF258F6}</UniqueIdentifier>
    </Filter>
    <Filter Include="PCH">
      <UniqueIdentifier>{2c57c744-4eb9-4910-891e-60ac12aa5d71}</UniqueIdentifier>
    </Filter>
    <Filter Include="Source Files\Managers">
      <UniqueIdentifier>{edc6c7bc-3f7d-4af0-b259-f32a5065bead}</UniqueIdentifier>
    </Filter>
    <Filter Include="Source Files\Managers\Headers">
      <UniqueIdentifier>{03fb091b-aefd-4ca1-b132-3bc8bfd71b59}</UniqueIdentifier>
    </Filter>
    <Filter Include="Source Files\Managers\CPPs">
      <UniqueIdentifier>{3a68b00f-9b13-45dc-aa2d-358caca4cb2a}</UniqueIdentifier>
    </Filter>
    <Filter Include="Source Files\Utils">
      <UniqueIdentifier>{ad4ba9fd-dbdc-4609-b3ca-1645063ba057}</UniqueIdentifier>
    </Filter>
    <Filter Include="Source Files\Utils\CPPs">
      <UniqueIdentifier>{64409710-a2fc-4c39-83fa-3a7a3db28930}</UniqueIdentifier>
    </Filter>
    <Filter Include="Source Files\Utils\Headers">
      <UniqueIdentifier>{b729989b-c840-4437-a867-4851ceddb4df}</UniqueIdentifier>
    </Filter>
    <Filter Include="Scripts">
      <UniqueIdentifier>{1ee763c1-83ce-42e9-939f-8a47facb9e33}</UniqueIdentifier>
    </Filter>
    <Filter Include="Source Files\BaseScripts">
      <UniqueIdentifier>{a41af273-2022-459e-99a5-d0e5818747de}</UniqueIdentifier>
    </Filter>
    <Filter Include="UserSourceCode">
      <UniqueIdentifier>{13fe11a7-2ec0-4aa6-ac4a-8ccba4a190b5}</UniqueIdentifier>
    </Filter>
    <Filter Include="UserSourceCode\Headers">
      <UniqueIdentifier>{4c424615-5113-4d51-9ca1-69087b6d09a2}</UniqueIdentifier>
    </Filter>
    <Filter Include="UserSourceCode\CPPs">
      <UniqueIdentifier>{65581690-aef4-40fb-bb02-d901fe56a79d}</UniqueIdentifier>
    </Filter>
    <Filter Include="UserCommands">
      <UniqueIdentifier>{31dacc6d-0617-4aca-b64d-45cf0a6df4c0}</UniqueIdentifier>
    </Filter>
    <Filter Include="Source Files\ApplicationClasses">
      <UniqueIdentifier>{dbd5d45d-da92-4d55-bc80-6f60fbf7268d}</UniqueIdentifier>
    </Filter>
    <Filter Include="Source Files\ApplicationClasses\CPPS">
      <UniqueIdentifier>{642285b5-fb00-4120-8e28-fbec95da4d89}</UniqueIdentifier>
    </Filter>
    <Filter Include="Source Files\ApplicationClasses\Headers">
      <UniqueIdentifier>{7f7d462f-f073-4ac8-a44e-078bb28e7399}</UniqueIdentifier>
    </Filter>
  </ItemGroup>
  <ItemGroup>
    <ClCompile Include="Source.cpp">
      <Filter>Source Files</Filter>
    </ClCompile>
    <ClCompile Include="pch.cpp">
      <Filter>PCH</Filter>
    </ClCompile>
    <ClCompile Include="Engine\Draw.cpp">
      <Filter>Source Files\ApplicationClasses\CPPS</Filter>
    </ClCompile>
    <ClCompile Include="Engine\System.cpp">
      <Filter>Source Files\Managers\CPPs</Filter>
    </ClCompile>
    <ClCompile Include="Engine\Application.cpp">
      <Filter>Source Files\Managers\CPPs</Filter>
    </ClCompile>
    <ClCompile Include="Engine\Mouse.cpp">
      <Filter>Source Files\Utils\CPPs</Filter>
    </ClCompile>
    <ClCompile Include="Engine\Button.cpp">
      <Filter>Source Files\ApplicationClasses\CPPS</Filter>
    </ClCompile>
    <ClCompile Include="Engine\ButtonManager.cpp">
      <Filter>Source Files\Managers\CPPs</Filter>
    </ClCompile>
    <ClCompile Include="Engine\ScriptManager.cpp">
      <Filter>Source Files\Managers\CPPs</Filter>
    </ClCompile>
    <ClCompile Include="Engine\ScriptParser.cpp">
      <Filter>Source Files\ApplicationClasses\CPPS</Filter>
    </ClCompile>
    <ClCompile Include="Engine\User.cpp">
      <Filter>Source Files\Utils\CPPs</Filter>
    </ClCompile>
    <ClCompile Include="ScriptMap.cpp">
      <Filter>Source Files\ApplicationClasses\CPPS</Filter>
    </ClCompile>
    <ClCompile Include="Engine\Commands.cpp">
      <Filter>Source Files\ApplicationClasses\CPPS</Filter>
    </ClCompile>
    <ClCompile Include="Engine\SymbolDefines.cpp">
      <Filter>Source Files</Filter>
    </ClCompile>
    <ClCompile Include="Engine\PixelFloat.cpp">
      <Filter>Source Files\ApplicationClasses\CPPS</Filter>
    </ClCompile>
    <ClCompile Include="UserEngineCode\Rasterizer.cpp">
      <Filter>UserSourceCode\CPPs</Filter>
    </ClCompile>
    <ClCompile Include="UserEngineCode\PrimitiveManager.cpp">
      <Filter>UserSourceCode\CPPs</Filter>
    </ClCompile>
    <ClCompile Include="UserEngineCode\Clipper.cpp">
      <Filter>UserSourceCode\CPPs</Filter>
    </ClCompile>
    <ClCompile Include="UserEngineCode\Matrix4.cpp">
      <Filter>UserSourceCode\CPPs</Filter>
    </ClCompile>
    <ClCompile Include="UserEngineCode\MatrixStack.cpp">
      <Filter>UserSourceCode\CPPs</Filter>
    </ClCompile>
    <ClCompile Include="UserEngineCode\Camera.cpp">
      <Filter>UserSourceCode\CPPs</Filter>
    </ClCompile>
    <ClCompile Include="Engine\Slider.cpp">
      <Filter>Source Files\ApplicationClasses\CPPS</Filter>
    </ClCompile>
    <ClCompile Include="UserEngineCode\DepthBuffer.cpp">
      <Filter>UserSourceCode\CPPs</Filter>
    </ClCompile>
    <ClCompile Include="UserEngineCode\Events.cpp">
      <Filter>UserSourceCode\CPPs</Filter>
    </ClCompile>
    <ClCompile Include="UserEngineCode\Light.cpp">
      <Filter>UserSourceCode\CPPs</Filter>
    </ClCompile>
    <ClCompile Include="UserEngineCode\DirectionalLight.cpp">
      <Filter>UserSourceCode\CPPs</Filter>
    </ClCompile>
    <ClCompile Include="UserEngineCode\MaterialManager.cpp">
      <Filter>UserSourceCode\CPPs</Filter>
    </ClCompile>
    <ClCompile Include="Engine\VariableEditor.cpp">
      <Filter>Source Files\Managers\CPPs</Filter>
    </ClCompile>
    <ClCompile Include="UserEngineCode\LightManager.cpp">
      <Filter>UserSourceCode\CPPs</Filter>
    </ClCompile>
    <ClCompile Include="UserEngineCode\PointLight.cpp">
      <Filter>UserSourceCode\CPPs</Filter>
    </ClCompile>
  </ItemGroup>
  <ItemGroup>
    <ClInclude Include="pch.h">
      <Filter>PCH</Filter>
    </ClInclude>
    <ClInclude Include="Engine\Draw.h">
      <Filter>Source Files\ApplicationClasses\Headers</Filter>
    </ClInclude>
    <ClInclude Include="Engine\Application.h">
      <Filter>Source Files\Managers\Headers</Filter>
    </ClInclude>
    <ClInclude Include="Engine\System.h">
      <Filter>Source Files\Managers\Headers</Filter>
    </ClInclude>
    <ClInclude Include="Engine\Defines.h">
      <Filter>Source Files\Utils\Headers</Filter>
    </ClInclude>
    <ClInclude Include="Engine\Mouse.h">
      <Filter>Source Files\Utils\Headers</Filter>
    </ClInclude>
    <ClInclude Include="Engine\Button.h">
      <Filter>Source Files\ApplicationClasses\Headers</Filter>
    </ClInclude>
    <ClInclude Include="Engine\Utilities.h">
      <Filter>Source Files\Utils\Headers</Filter>
    </ClInclude>
    <ClInclude Include="Engine\ButtonManager.h">
      <Filter>Source Files\Managers\Headers</Filter>
    </ClInclude>
    <ClInclude Include="Engine\ScriptManager.h">
      <Filter>Source Files\Managers\Headers</Filter>
    </ClInclude>
    <ClInclude Include="Engine\ScriptParser.h">
      <Filter>Source Files\ApplicationClasses\Headers</Filter>
    </ClInclude>
    <ClInclude Include="Engine\User.h">
      <Filter>Source Files\Utils\Headers</Filter>
    </ClInclude>
    <ClInclude Include="ScriptMap.h">
      <Filter>Source Files\ApplicationClasses\Headers</Filter>
    </ClInclude>
    <ClInclude Include="Engine\Commands.h">
      <Filter>Source Files\ApplicationClasses\Headers</Filter>
    </ClInclude>
    <ClInclude Include="Engine\SymbolDefines.h">
      <Filter>Source Files</Filter>
    </ClInclude>
    <ClInclude Include="BaseScripts\Init.h">
      <Filter>Source Files\BaseScripts</Filter>
    </ClInclude>
    <ClInclude Include="BaseScripts\DrawPixel.h">
      <Filter>Source Files\BaseScripts</Filter>
    </ClInclude>
    <ClInclude Include="BaseScripts\ToggleGrid.h">
      <Filter>Source Files\BaseScripts</Filter>
    </ClInclude>
    <ClInclude Include="Engine\PixelFloat.h">
      <Filter>Source Files\ApplicationClasses\Headers</Filter>
    </ClInclude>
    <ClInclude Include="UserCommands\BeginDraw.h">
      <Filter>UserCommands</Filter>
    </ClInclude>
    <ClInclude Include="UserCommands\EndDraw.h">
      <Filter>UserCommands</Filter>
    </ClInclude>
    <ClInclude Include="UserCommands\SetClipping.h">
      <Filter>UserCommands</Filter>
    </ClInclude>
    <ClInclude Include="UserCommands\SetFillMode.h">
      <Filter>UserCommands</Filter>
    </ClInclude>
    <ClInclude Include="UserCommands\SetViewport.h">
      <Filter>UserCommands</Filter>
    </ClInclude>
    <ClInclude Include="UserCommands\ShowViewport.h">
      <Filter>UserCommands</Filter>
    </ClInclude>
    <ClInclude Include="UserEngineCode\Clipper.h">
      <Filter>UserSourceCode\Headers</Filter>
    </ClInclude>
    <ClInclude Include="UserEngineCode\PrimitiveManager.h">
      <Filter>UserSourceCode\Headers</Filter>
    </ClInclude>
    <ClInclude Include="UserEngineCode\Rasterizer.h">
      <Filter>UserSourceCode\Headers</Filter>
    </ClInclude>
    <ClInclude Include="UserEngineCode\Vector2.h">
      <Filter>UserSourceCode\Headers</Filter>
    </ClInclude>
    <ClInclude Include="UserEngineCode\Vector3.h">
      <Filter>UserSourceCode\Headers</Filter>
    </ClInclude>
    <ClInclude Include="UserEngineCode\Vertex.h">
      <Filter>UserSourceCode\Headers</Filter>
    </ClInclude>
    <ClInclude Include="UserEngineCode\Matrix4.h">
      <Filter>UserSourceCode\Headers</Filter>
    </ClInclude>
    <ClInclude Include="UserCommands\ChangeColor.h">
      <Filter>Source Files\BaseScripts</Filter>
    </ClInclude>
    <ClInclude Include="UserEngineCode\MatrixStack.h">
      <Filter>UserSourceCode\Headers</Filter>
    </ClInclude>
    <ClInclude Include="UserCommands\PopMatrix.h">
      <Filter>UserCommands</Filter>
    </ClInclude>
    <ClInclude Include="UserCommands\PushRotationX.h">
      <Filter>UserCommands</Filter>
    </ClInclude>
    <ClInclude Include="UserCommands\PushRotationY.h">
      <Filter>UserCommands</Filter>
    </ClInclude>
    <ClInclude Include="UserCommands\PushRotationZ.h">
      <Filter>UserCommands</Filter>
    </ClInclude>
    <ClInclude Include="UserCommands\PushScaling.h">
      <Filter>UserCommands</Filter>
    </ClInclude>
    <ClInclude Include="UserCommands\PushTranslation.h">
      <Filter>UserCommands</Filter>
    </ClInclude>
    <ClInclude Include="UserEngineCode\Camera.h">
      <Filter>UserSourceCode\Headers</Filter>
    </ClInclude>
    <ClInclude Include="UserCommands\SetCameraDirection.h">
      <Filter>UserCommands</Filter>
    </ClInclude>
    <ClInclude Include="UserCommands\SetCameraPosition.h">
      <Filter>UserCommands</Filter>
    </ClInclude>
    <ClInclude Include="UserCommands\SetFarPlane.h">
      <Filter>UserCommands</Filter>
    </ClInclude>
    <ClInclude Include="UserCommands\SetFOV.h">
      <Filter>UserCommands</Filter>
    </ClInclude>
    <ClInclude Include="UserCommands\SetNearPlane.h">
      <Filter>UserCommands</Filter>
    </ClInclude>
    <ClInclude Include="UserCommands\AddVertex.h">
      <Filter>UserCommands</Filter>
    </ClInclude>
    <ClInclude Include="Engine\Slider.h">
      <Filter>Source Files\ApplicationClasses\Headers</Filter>
    </ClInclude>
    <ClInclude Include="UserCommands\EnableDepth.h">
      <Filter>UserCommands</Filter>
    </ClInclude>
    <ClInclude Include="UserCommands\SetCullMode.h">
      <Filter>UserSourceCode\Headers</Filter>
    </ClInclude>
    <ClInclude Include="UserEngineCode\DepthBuffer.h">
      <Filter>UserSourceCode\Headers</Filter>
    </ClInclude>
    <ClInclude Include="UserEngineCode\Events.h">
      <Filter>UserSourceCode\Headers</Filter>
    </ClInclude>
    <ClInclude Include="UserEngineCode\Light.h">
      <Filter>UserSourceCode\Headers</Filter>
    </ClInclude>
    <ClInclude Include="UserEngineCode\DirectionalLight.h">
      <Filter>UserSourceCode\Headers</Filter>
    </ClInclude>
    <ClInclude Include="UserEngineCode\MaterialManager.h">
      <Filter>UserSourceCode\Headers</Filter>
    </ClInclude>
    <ClInclude Include="Engine\VariableEditor.h">
      <Filter>Source Files\Managers\Headers</Filter>
    </ClInclude>
    <ClInclude Include="UserEngineCode\LightManager.h">
      <Filter>UserSourceCode\Headers</Filter>
    </ClInclude>
    <ClInclude Include="UserCommands\SetLightAmbient.h">
      <Filter>UserCommands</Filter>
    </ClInclude>
    <ClInclude Include="UserCommands\SetLightDiffuse.h">
      <Filter>UserCommands</Filter>
    </ClInclude>
    <ClInclude Include="UserCommands\SetLightSpecular.h">
      <Filter>UserCommands</Filter>
    </ClInclude>
    <ClInclude Include="UserCommands\AddDirectionalLight.h">
      <Filter>UserCommands</Filter>
    </ClInclude>
    <ClInclude Include="UserEngineCode\PointLight.h">
      <Filter>UserSourceCode\Headers</Filter>
    </ClInclude>
    <ClInclude Include="UserCommands\AddPointLight.h">
      <Filter>UserCommands</Filter>
    </ClInclude>
  </ItemGroup>
  <ItemGroup>
    <Text Include="BaseScripts\BaseScriptsSyntax.txt">
      <Filter>Source Files\BaseScripts</Filter>
    </Text>
    <Text Include="..\Scripts\TestTriangle.txt">
      <Filter>Scripts</Filter>
    </Text>
    <Text Include="..\Scripts\HighResTriangle.txt">
      <Filter>Scripts</Filter>
    </Text>
    <Text Include="..\Scripts\Line.txt">
      <Filter>Scripts</Filter>
    </Text>
    <Text Include="..\Scripts\Triangle.txt">
      <Filter>Scripts</Filter>
    </Text>
    <Text Include="..\Scripts\ClippedTriangle.txt">
      <Filter>Scripts</Filter>
    </Text>
  </ItemGroup>
</Project>